// !$*UTF8*$!
{
	archiveVersion = 1;
	classes = {
	};
	objectVersion = 56;
	objects = {

/* Begin PBXBuildFile section */
		ED54F6192B2C2ECA0016D2B7 /* ParkDetailView.swift in Sources */ = {isa = PBXBuildFile; fileRef = ED54F6182B2C2ECA0016D2B7 /* ParkDetailView.swift */; };
		ED54F61B2B2C364D0016D2B7 /* park_mock.json in Resources */ = {isa = PBXBuildFile; fileRef = ED54F61A2B2C364D0016D2B7 /* park_mock.json */; };
		ED62EDF52B26DF0400B48D95 /* ParksApp.swift in Sources */ = {isa = PBXBuildFile; fileRef = ED62EDF42B26DF0400B48D95 /* ParksApp.swift */; };
		ED62EDF72B26DF0400B48D95 /* ContentView.swift in Sources */ = {isa = PBXBuildFile; fileRef = ED62EDF62B26DF0400B48D95 /* ContentView.swift */; };
		ED62EDF92B26DF0500B48D95 /* Assets.xcassets in Resources */ = {isa = PBXBuildFile; fileRef = ED62EDF82B26DF0500B48D95 /* Assets.xcassets */; };
		ED62EDFC2B26DF0500B48D95 /* Preview Assets.xcassets in Resources */ = {isa = PBXBuildFile; fileRef = ED62EDFB2B26DF0500B48D95 /* Preview Assets.xcassets */; };
		ED62EE032B26FD9C00B48D95 /* ParksResponse.swift in Sources */ = {isa = PBXBuildFile; fileRef = ED62EE022B26FD9C00B48D95 /* ParksResponse.swift */; };
/* End PBXBuildFile section */

/* Begin PBXFileReference section */
		ED54F6182B2C2ECA0016D2B7 /* ParkDetailView.swift */ = {isa = PBXFileReference; lastKnownFileType = sourcecode.swift; path = ParkDetailView.swift; sourceTree = "<group>"; };
		ED54F61A2B2C364D0016D2B7 /* park_mock.json */ = {isa = PBXFileReference; lastKnownFileType = text.json; path = park_mock.json; sourceTree = "<group>"; };
		ED62EDF12B26DF0400B48D95 /* Parks.app */ = {isa = PBXFileReference; explicitFileType = wrapper.application; includeInIndex = 0; path = Parks.app; sourceTree = BUILT_PRODUCTS_DIR; };
		ED62EDF42B26DF0400B48D95 /* ParksApp.swift */ = {isa = PBXFileReference; lastKnownFileType = sourcecode.swift; path = ParksApp.swift; sourceTree = "<group>"; };
		ED62EDF62B26DF0400B48D95 /* ContentView.swift */ = {isa = PBXFileReference; lastKnownFileType = sourcecode.swift; path = ContentView.swift; sourceTree = "<group>"; };
		ED62EDF82B26DF0500B48D95 /* Assets.xcassets */ = {isa = PBXFileReference; lastKnownFileType = folder.assetcatalog; path = Assets.xcassets; sourceTree = "<group>"; };
		ED62EDFB2B26DF0500B48D95 /* Preview Assets.xcassets */ = {isa = PBXFileReference; lastKnownFileType = folder.assetcatalog; path = "Preview Assets.xcassets"; sourceTree = "<group>"; };
		ED62EE022B26FD9C00B48D95 /* ParksResponse.swift */ = {isa = PBXFileReference; lastKnownFileType = sourcecode.swift; path = ParksResponse.swift; sourceTree = "<group>"; };
/* End PBXFileReference section */

/* Begin PBXFrameworksBuildPhase section */
		ED62EDEE2B26DF0400B48D95 /* Frameworks */ = {
			isa = PBXFrameworksBuildPhase;
			buildActionMask = 2147483647;
			files = (
			);
			runOnlyForDeploymentPostprocessing = 0;
		};
/* End PBXFrameworksBuildPhase section */

/* Begin PBXGroup section */
		ED62EDE82B26DF0400B48D95 = {
			isa = PBXGroup;
			children = (
				ED62EDF32B26DF0400B48D95 /* Parks */,
				ED62EDF22B26DF0400B48D95 /* Products */,
			);
			sourceTree = "<group>";
		};
		ED62EDF22B26DF0400B48D95 /* Products */ = {
			isa = PBXGroup;
			children = (
				ED62EDF12B26DF0400B48D95 /* Parks.app */,
			);
			name = Products;
			sourceTree = "<group>";
		};
		ED62EDF32B26DF0400B48D95 /* Parks */ = {
			isa = PBXGroup;
			children = (
				ED62EDF42B26DF0400B48D95 /* ParksApp.swift */,
				ED62EDF62B26DF0400B48D95 /* ContentView.swift */,
				ED54F6182B2C2ECA0016D2B7 /* ParkDetailView.swift */,
				ED54F61A2B2C364D0016D2B7 /* park_mock.json */,
				ED62EE022B26FD9C00B48D95 /* ParksResponse.swift */,
				ED62EDF82B26DF0500B48D95 /* Assets.xcassets */,
				ED62EDFA2B26DF0500B48D95 /* Preview Content */,
			);
			path = Parks;
			sourceTree = "<group>";
		};
		ED62EDFA2B26DF0500B48D95 /* Preview Content */ = {
			isa = PBXGroup;
			children = (
				ED62EDFB2B26DF0500B48D95 /* Preview Assets.xcassets */,
			);
			path = "Preview Content";
			sourceTree = "<group>";
		};
/* End PBXGroup section */

/* Begin PBXNativeTarget section */
		ED62EDF02B26DF0400B48D95 /* Parks */ = {
			isa = PBXNativeTarget;
			buildConfigurationList = ED62EDFF2B26DF0500B48D95 /* Build configuration list for PBXNativeTarget "Parks" */;
			buildPhases = (
				ED62EDED2B26DF0400B48D95 /* Sources */,
				ED62EDEE2B26DF0400B48D95 /* Frameworks */,
				ED62EDEF2B26DF0400B48D95 /* Resources */,
			);
			buildRules = (
			);
			dependencies = (
			);
			name = Parks;
			productName = Parks;
			productReference = ED62EDF12B26DF0400B48D95 /* Parks.app */;
			productType = "com.apple.product-type.application";
		};
/* End PBXNativeTarget section */

/* Begin PBXProject section */
		ED62EDE92B26DF0400B48D95 /* Project object */ = {
			isa = PBXProject;
			attributes = {
				BuildIndependentTargetsInParallel = 1;
				LastSwiftUpdateCheck = 1500;
				LastUpgradeCheck = 1500;
				TargetAttributes = {
					ED62EDF02B26DF0400B48D95 = {
						CreatedOnToolsVersion = 15.0.1;
					};
				};
			};
			buildConfigurationList = ED62EDEC2B26DF0400B48D95 /* Build configuration list for PBXProject "Parks" */;
			compatibilityVersion = "Xcode 14.0";
			developmentRegion = en;
			hasScannedForEncodings = 0;
			knownRegions = (
				en,
				Base,
			);
			mainGroup = ED62EDE82B26DF0400B48D95;
			productRefGroup = ED62EDF22B26DF0400B48D95 /* Products */;
			projectDirPath = "";
			projectRoot = "";
			targets = (
				ED62EDF02B26DF0400B48D95 /* Parks */,
			);
		};
/* End PBXProject section */

/* Begin PBXResourcesBuildPhase section */
		ED62EDEF2B26DF0400B48D95 /* Resources */ = {
			isa = PBXResourcesBuildPhase;
			buildActionMask = 2147483647;
			files = (
				ED62EDFC2B26DF0500B48D95 /* Preview Assets.xcassets in Resources */,
				ED54F61B2B2C364D0016D2B7 /* park_mock.json in Resources */,
				ED62EDF92B26DF0500B48D95 /* Assets.xcassets in Resources */,
			);
			runOnlyForDeploymentPostprocessing = 0;
		};
/* End PBXResourcesBuildPhase section */

/* Begin PBXSourcesBuildPhase section */
		ED62EDED2B26DF0400B48D95 /* Sources */ = {
			isa = PBXSourcesBuildPhase;
			buildActionMask = 2147483647;
			files = (
				ED62EDF72B26DF0400B48D95 /* ContentView.swift in Sources */,
				ED62EE032B26FD9C00B48D95 /* ParksResponse.swift in Sources */,
				ED62EDF52B26DF0400B48D95 /* ParksApp.swift in Sources */,
				ED54F6192B2C2ECA0016D2B7 /* ParkDetailView.swift in Sources */,
			);
			runOnlyForDeploymentPostprocessing = 0;
		};
/* End PBXSourcesBuildPhase section */

/* Begin XCBuildConfiguration section */
		ED62EDFD2B26DF0500B48D95 /* Debug */ = {
			isa = XCBuildConfiguration;
			buildSettings = {
				ALWAYS_SEARCH_USER_PATHS = NO;
				ASSETCATALOG_COMPILER_GENERATE_SWIFT_ASSET_SYMBOL_EXTENSIONS = YES;
				CLANG_ANALYZER_NONNULL = YES;
				CLANG_ANALYZER_NUMBER_OBJECT_CONVERSION = YES_AGGRESSIVE;
				CLANG_CXX_LANGUAGE_STANDARD = "gnu++20";
				CLANG_ENABLE_MODULES = YES;
				CLANG_ENABLE_OBJC_ARC = YES;
				CLANG_ENABLE_OBJC_WEAK = YES;
				CLANG_WARN_BLOCK_CAPTURE_AUTORELEASING = YES;
				CLANG_WARN_BOOL_CONVERSION = YES;
				CLANG_WARN_COMMA = YES;
				CLANG_WARN_CONSTANT_CONVERSION = YES;
				CLANG_WARN_DEPRECATED_OBJC_IMPLEMENTATIONS = YES;
				CLANG_WARN_DIRECT_OBJC_ISA_USAGE = YES_ERROR;
				CLANG_WARN_DOCUMENTATION_COMMENTS = YES;
				CLANG_WARN_EMPTY_BODY = YES;
				CLANG_WARN_ENUM_CONVERSION = YES;
				CLANG_WARN_INFINITE_RECURSION = YES;
				CLANG_WARN_INT_CONVERSION = YES;
				CLANG_WARN_NON_LITERAL_NULL_CONVERSION = YES;
				CLANG_WARN_OBJC_IMPLICIT_RETAIN_SELF = YES;
				CLANG_WARN_OBJC_LITERAL_CONVERSION = YES;
				CLANG_WARN_OBJC_ROOT_CLASS = YES_ERROR;
				CLANG_WARN_QUOTED_INCLUDE_IN_FRAMEWORK_HEADER = YES;
				CLANG_WARN_RANGE_LOOP_ANALYSIS = YES;
				CLANG_WARN_STRICT_PROTOTYPES = YES;
				CLANG_WARN_SUSPICIOUS_MOVE = YES;
				CLANG_WARN_UNGUARDED_AVAILABILITY = YES_AGGRESSIVE;
				CLANG_WARN_UNREACHABLE_CODE = YES;
				CLANG_WARN__DUPLICATE_METHOD_MATCH = YES;
				COPY_PHASE_STRIP = NO;
				DEBUG_INFORMATION_FORMAT = dwarf;
				ENABLE_STRICT_OBJC_MSGSEND = YES;
				ENABLE_TESTABILITY = YES;
				ENABLE_USER_SCRIPT_SANDBOXING = YES;
				GCC_C_LANGUAGE_STANDARD = gnu17;
				GCC_DYNAMIC_NO_PIC = NO;
				GCC_NO_COMMON_BLOCKS = YES;
				GCC_OPTIMIZATION_LEVEL = 0;
				GCC_PREPROCESSOR_DEFINITIONS = (
					"DEBUG=1",
					"$(inherited)",
				);
				GCC_WARN_64_TO_32_BIT_CONVERSION = YES;
				GCC_WARN_ABOUT_RETURN_TYPE = YES_ERROR;
				GCC_WARN_UNDECLARED_SELECTOR = YES;
				GCC_WARN_UNINITIALIZED_AUTOS = YES_AGGRESSIVE;
				GCC_WARN_UNUSED_FUNCTION = YES;
				GCC_WARN_UNUSED_VARIABLE = YES;
				IPHONEOS_DEPLOYMENT_TARGET = 17.0;
				LOCALIZATION_PREFERS_STRING_CATALOGS = YES;
				MTL_ENABLE_DEBUG_INFO = INCLUDE_SOURCE;
				MTL_FAST_MATH = YES;
				ONLY_ACTIVE_ARCH = YES;
				SDKROOT = iphoneos;
				SWIFT_ACTIVE_COMPILATION_CONDITIONS = "DEBUG $(inherited)";
				SWIFT_OPTIMIZATION_LEVEL = "-Onone";
			};
			name = Debug;
		};
		ED62EDFE2B26DF0500B48D95 /* Release */ = {
			isa = XCBuildConfiguration;
			buildSettings = {
				ALWAYS_SEARCH_USER_PATHS = NO;
				ASSETCATALOG_COMPILER_GENERATE_SWIFT_ASSET_SYMBOL_EXTENSIONS = YES;
				CLANG_ANALYZER_NONNULL = YES;
				CLANG_ANALYZER_NUMBER_OBJECT_CONVERSION = YES_AGGRESSIVE;
				CLANG_CXX_LANGUAGE_STANDARD = "gnu++20";
				CLANG_ENABLE_MODULES = YES;
				CLANG_ENABLE_OBJC_ARC = YES;
				CLANG_ENABLE_OBJC_WEAK = YES;
				CLANG_WARN_BLOCK_CAPTURE_AUTORELEASING = YES;
				CLANG_WARN_BOOL_CONVERSION = YES;
				CLANG_WARN_COMMA = YES;
				CLANG_WARN_CONSTANT_CONVERSION = YES;
				CLANG_WARN_DEPRECATED_OBJC_IMPLEMENTATIONS = YES;
				CLANG_WARN_DIRECT_OBJC_ISA_USAGE = YES_ERROR;
				CLANG_WARN_DOCUMENTATION_COMMENTS = YES;
				CLANG_WARN_EMPTY_BODY = YES;
				CLANG_WARN_ENUM_CONVERSION = YES;
				CLANG_WARN_INFINITE_RECURSION = YES;
				CLANG_WARN_INT_CONVERSION = YES;
				CLANG_WARN_NON_LITERAL_NULL_CONVERSION = YES;
				CLANG_WARN_OBJC_IMPLICIT_RETAIN_SELF = YES;
				CLANG_WARN_OBJC_LITERAL_CONVERSION = YES;
				CLANG_WARN_OBJC_ROOT_CLASS = YES_ERROR;
				CLANG_WARN_QUOTED_INCLUDE_IN_FRAMEWORK_HEADER = YES;
				CLANG_WARN_RANGE_LOOP_ANALYSIS = YES;
				CLANG_WARN_STRICT_PROTOTYPES = YES;
				CLANG_WARN_SUSPICIOUS_MOVE = YES;
				CLANG_WARN_UNGUARDED_AVAILABILITY = YES_AGGRESSIVE;
				CLANG_WARN_UNREACHABLE_CODE = YES;
				CLANG_WARN__DUPLICATE_METHOD_MATCH = YES;
				COPY_PHASE_STRIP = NO;
				DEBUG_INFORMATION_FORMAT = "dwarf-with-dsym";
				ENABLE_NS_ASSERTIONS = NO;
				ENABLE_STRICT_OBJC_MSGSEND = YES;
				ENABLE_USER_SCRIPT_SANDBOXING = YES;
				GCC_C_LANGUAGE_STANDARD = gnu17;
				GCC_NO_COMMON_BLOCKS = YES;
				GCC_WARN_64_TO_32_BIT_CONVERSION = YES;
				GCC_WARN_ABOUT_RETURN_TYPE = YES_ERROR;
				GCC_WARN_UNDECLARED_SELECTOR = YES;
				GCC_WARN_UNINITIALIZED_AUTOS = YES_AGGRESSIVE;
				GCC_WARN_UNUSED_FUNCTION = YES;
				GCC_WARN_UNUSED_VARIABLE = YES;
				IPHONEOS_DEPLOYMENT_TARGET = 17.0;
				LOCALIZATION_PREFERS_STRING_CATALOGS = YES;
				MTL_ENABLE_DEBUG_INFO = NO;
				MTL_FAST_MATH = YES;
				SDKROOT = iphoneos;
				SWIFT_COMPILATION_MODE = wholemodule;
				VALIDATE_PRODUCT = YES;
			};
			name = Release;
		};
		ED62EE002B26DF0500B48D95 /* Debug */ = {
			isa = XCBuildConfiguration;
			buildSettings = {
				ASSETCATALOG_COMPILER_APPICON_NAME = AppIcon;
				ASSETCATALOG_COMPILER_GLOBAL_ACCENT_COLOR_NAME = AccentColor;
				CODE_SIGN_STYLE = Automatic;
				CURRENT_PROJECT_VERSION = 1;
				DEVELOPMENT_ASSET_PATHS = "\"Parks/Preview Content\"";
				DEVELOPMENT_TEAM = MA6H73S726;
				ENABLE_PREVIEWS = YES;
				GENERATE_INFOPLIST_FILE = YES;
				INFOPLIST_KEY_UIApplicationSceneManifest_Generation = YES;
				INFOPLIST_KEY_UIApplicationSupportsIndirectInputEvents = YES;
				INFOPLIST_KEY_UILaunchScreen_Generation = YES;
				INFOPLIST_KEY_UISupportedInterfaceOrientations_iPad = "UIInterfaceOrientationPortrait UIInterfaceOrientationPortraitUpsideDown UIInterfaceOrientationLandscapeLeft UIInterfaceOrientationLandscapeRight";
				INFOPLIST_KEY_UISupportedInterfaceOrientations_iPhone = "UIInterfaceOrientationPortrait UIInterfaceOrientationLandscapeLeft UIInterfaceOrientationLandscapeRight";
				LD_RUNPATH_SEARCH_PATHS = (
					"$(inherited)",
					"@executable_path/Frameworks",
				);
				MARKETING_VERSION = 1.0;
				PRODUCT_BUNDLE_IDENTIFIER = com.codepath.Parks;
				PRODUCT_NAME = "$(TARGET_NAME)";
				SWIFT_EMIT_LOC_STRINGS = YES;
				SWIFT_VERSION = 5.0;
				TARGETED_DEVICE_FAMILY = "1,2";
			};
			name = Debug;
		};
		ED62EE012B26DF0500B48D95 /* Release */ = {
			isa = XCBuildConfiguration;
			buildSettings = {
				ASSETCATALOG_COMPILER_APPICON_NAME = AppIcon;
				ASSETCATALOG_COMPILER_GLOBAL_ACCENT_COLOR_NAME = AccentColor;
				CODE_SIGN_STYLE = Automatic;
				CURRENT_PROJECT_VERSION = 1;
				DEVELOPMENT_ASSET_PATHS = "\"Parks/Preview Content\"";
				DEVELOPMENT_TEAM = MA6H73S726;
				ENABLE_PREVIEWS = YES;
				GENERATE_INFOPLIST_FILE = YES;
				INFOPLIST_KEY_UIApplicationSceneManifest_Generation = YES;
				INFOPLIST_KEY_UIApplicationSupportsIndirectInputEvents = YES;
				INFOPLIST_KEY_UILaunchScreen_Generation = YES;
				INFOPLIST_KEY_UISupportedInterfaceOrientations_iPad = "UIInterfaceOrientationPortrait UIInterfaceOrientationPortraitUpsideDown UIInterfaceOrientationLandscapeLeft UIInterfaceOrientationLandscapeRight";
				INFOPLIST_KEY_UISupportedInterfaceOrientations_iPhone = "UIInterfaceOrientationPortrait UIInterfaceOrientationLandscapeLeft UIInterfaceOrientationLandscapeRight";
				LD_RUNPATH_SEARCH_PATHS = (
					"$(inherited)",
					"@executable_path/Frameworks",
				);
				MARKETING_VERSION = 1.0;
				PRODUCT_BUNDLE_IDENTIFIER = com.codepath.Parks;
				PRODUCT_NAME = "$(TARGET_NAME)";
				SWIFT_EMIT_LOC_STRINGS = YES;
				SWIFT_VERSION = 5.0;
				TARGETED_DEVICE_FAMILY = "1,2";
			};
			name = Release;
		};
/* End XCBuildConfiguration section */

/* Begin XCConfigurationList section */
		ED62EDEC2B26DF0400B48D95 /* Build configuration list for PBXProject "Parks" */ = {
			isa = XCConfigurationList;
			buildConfigurations = (
				ED62EDFD2B26DF0500B48D95 /* Debug */,
				ED62EDFE2B26DF0500B48D95 /* Release */,
			);
			defaultConfigurationIsVisible = 0;
			defaultConfigurationName = Release;
		};
		ED62EDFF2B26DF0500B48D95 /* Build configuration list for PBXNativeTarget "Parks" */ = {
			isa = XCConfigurationList;
			buildConfigurations = (
				ED62EE002B26DF0500B48D95 /* Debug */,
				ED62EE012B26DF0500B48D95 /* Release */,
			);
			defaultConfigurationIsVisible = 0;
			defaultConfigurationName = Release;
		};
/* End XCConfigurationList section */
	};
	rootObject = ED62EDE92B26DF0400B48D95 /* Project object */;
}
